
Microsoft Visual Studio Solution File, Format Version 12.00
# Visual Studio Version 17
VisualStudioVersion = 17.1.32210.238
MinimumVisualStudioVersion = 10.0.40219.1
Project("{8BC9CEB8-8B4A-11D0-8D11-00A0C91BC942}") = "PP01", "PP01\PP01.vcxproj", "{D755F4EA-F3CD-4D8A-A401-89E54F7892F6}"
EndProject
Project("{8BC9CEB8-8B4A-11D0-8D11-00A0C91BC942}") = "PP02", "PP02\PP02.vcxproj", "{55B305CF-082B-46D6-B30F-4A07944C19C2}"
EndProject
Project("{8BC9CEB8-8B4A-11D0-8D11-00A0C91BC942}") = "PP03", "PP03\PP03.vcxproj", "{5AF4018D-FA34-46D4-94AD-BA8CAD7CE7E8}"
EndProject
Project("{8BC9CEB8-8B4A-11D0-8D11-00A0C91BC942}") = "PP04", "PP04\PP04.vcxproj", "{52ECA62C-910E-403D-96D2-E28DCCAA51B7}"
EndProject
Project("{8BC9CEB8-8B4A-11D0-8D11-00A0C91BC942}") = "PP05", "PP05\PP05.vcxproj", "{2B8A20B6-C6C6-40C3-9685-2BF09809F866}"
EndProject
Project("{8BC9CEB8-8B4A-11D0-8D11-00A0C91BC942}") = "PP07", "PP07\PP07.vcxproj", "{66192F91-954E-4A31-94CA-07CF8896B394}"
EndProject
Project("{8BC9CEB8-8B4A-11D0-8D11-00A0C91BC942}") = "PP08", "PP08\PP08.vcxproj", "{BCB42F13-998B-4656-B107-870D04153DA8}"
EndProject
Global
	GlobalSection(SolutionConfigurationPlatforms) = preSolution
		Debug|Any CPU = Debug|Any CPU
		Debug|x64 = Debug|x64
		Debug|x86 = Debug|x86
		Release|Any CPU = Release|Any CPU
		Release|x64 = Release|x64
		Release|x86 = Release|x86
	EndGlobalSection
	GlobalSection(ProjectConfigurationPlatforms) = postSolution
		{D755F4EA-F3CD-4D8A-A401-89E54F7892F6}.Debug|Any CPU.ActiveCfg = Debug|x64
		{D755F4EA-F3CD-4D8A-A401-89E54F7892F6}.Debug|Any CPU.Build.0 = Debug|x64
		{D755F4EA-F3CD-4D8A-A401-89E54F7892F6}.Debug|x64.ActiveCfg = Debug|x64
		{D755F4EA-F3CD-4D8A-A401-89E54F7892F6}.Debug|x64.Build.0 = Debug|x64
		{D755F4EA-F3CD-4D8A-A401-89E54F7892F6}.Debug|x86.ActiveCfg = Debug|Win32
		{D755F4EA-F3CD-4D8A-A401-89E54F7892F6}.Debug|x86.Build.0 = Debug|Win32
		{D755F4EA-F3CD-4D8A-A401-89E54F7892F6}.Release|Any CPU.ActiveCfg = Release|x64
		{D755F4EA-F3CD-4D8A-A401-89E54F7892F6}.Release|Any CPU.Build.0 = Release|x64
		{D755F4EA-F3CD-4D8A-A401-89E54F7892F6}.Release|x64.ActiveCfg = Release|x64
		{D755F4EA-F3CD-4D8A-A401-89E54F7892F6}.Release|x64.Build.0 = Release|x64
		{D755F4EA-F3CD-4D8A-A401-89E54F7892F6}.Release|x86.ActiveCfg = Release|Win32
		{D755F4EA-F3CD-4D8A-A401-89E54F7892F6}.Release|x86.Build.0 = Release|Win32
		{55B305CF-082B-46D6-B30F-4A07944C19C2}.Debug|Any CPU.ActiveCfg = Debug|x64
		{55B305CF-082B-46D6-B30F-4A07944C19C2}.Debug|Any CPU.Build.0 = Debug|x64
		{55B305CF-082B-46D6-B30F-4A07944C19C2}.Debug|x64.ActiveCfg = Debug|x64
		{55B305CF-082B-46D6-B30F-4A07944C19C2}.Debug|x64.Build.0 = Debug|x64
		{55B305CF-082B-46D6-B30F-4A07944C19C2}.Debug|x86.ActiveCfg = Debug|Win32
		{55B305CF-082B-46D6-B30F-4A07944C19C2}.Debug|x86.Build.0 = Debug|Win32
		{55B305CF-082B-46D6-B30F-4A07944C19C2}.Release|Any CPU.ActiveCfg = Release|x64
		{55B305CF-082B-46D6-B30F-4A07944C19C2}.Release|Any CPU.Build.0 = Release|x64
		{55B305CF-082B-46D6-B30F-4A07944C19C2}.Release|x64.ActiveCfg = Release|x64
		{55B305CF-082B-46D6-B30F-4A07944C19C2}.Release|x64.Build.0 = Release|x64
		{55B305CF-082B-46D6-B30F-4A07944C19C2}.Release|x86.ActiveCfg = Release|Win32
		{55B305CF-082B-46D6-B30F-4A07944C19C2}.Release|x86.Build.0 = Release|Win32
		{5AF4018D-FA34-46D4-94AD-BA8CAD7CE7E8}.Debug|Any CPU.ActiveCfg = Debug|x64
		{5AF4018D-FA34-46D4-94AD-BA8CAD7CE7E8}.Debug|Any CPU.Build.0 = Debug|x64
		{5AF4018D-FA34-46D4-94AD-BA8CAD7CE7E8}.Debug|x64.ActiveCfg = Debug|x64
		{5AF4018D-FA34-46D4-94AD-BA8CAD7CE7E8}.Debug|x64.Build.0 = Debug|x64
		{5AF4018D-FA34-46D4-94AD-BA8CAD7CE7E8}.Debug|x86.ActiveCfg = Debug|Win32
		{5AF4018D-FA34-46D4-94AD-BA8CAD7CE7E8}.Debug|x86.Build.0 = Debug|Win32
		{5AF4018D-FA34-46D4-94AD-BA8CAD7CE7E8}.Release|Any CPU.ActiveCfg = Release|x64
		{5AF4018D-FA34-46D4-94AD-BA8CAD7CE7E8}.Release|Any CPU.Build.0 = Release|x64
		{5AF4018D-FA34-46D4-94AD-BA8CAD7CE7E8}.Release|x64.ActiveCfg = Release|x64
		{5AF4018D-FA34-46D4-94AD-BA8CAD7CE7E8}.Release|x64.Build.0 = Release|x64
		{5AF4018D-FA34-46D4-94AD-BA8CAD7CE7E8}.Release|x86.ActiveCfg = Release|Win32
		{5AF4018D-FA34-46D4-94AD-BA8CAD7CE7E8}.Release|x86.Build.0 = Release|Win32
		{52ECA62C-910E-403D-96D2-E28DCCAA51B7}.Debug|Any CPU.ActiveCfg = Debug|x64
		{52ECA62C-910E-403D-96D2-E28DCCAA51B7}.Debug|Any CPU.Build.0 = Debug|x64
		{52ECA62C-910E-403D-96D2-E28DCCAA51B7}.Debug|x64.ActiveCfg = Debug|x64
		{52ECA62C-910E-403D-96D2-E28DCCAA51B7}.Debug|x64.Build.0 = Debug|x64
		{52ECA62C-910E-403D-96D2-E28DCCAA51B7}.Debug|x86.ActiveCfg = Debug|Win32
		{52ECA62C-910E-403D-96D2-E28DCCAA51B7}.Debug|x86.Build.0 = Debug|Win32
		{52ECA62C-910E-403D-96D2-E28DCCAA51B7}.Release|Any CPU.ActiveCfg = Release|x64
		{52ECA62C-910E-403D-96D2-E28DCCAA51B7}.Release|Any CPU.Build.0 = Release|x64
		{52ECA62C-910E-403D-96D2-E28DCCAA51B7}.Release|x64.ActiveCfg = Release|x64
		{52ECA62C-910E-403D-96D2-E28DCCAA51B7}.Release|x64.Build.0 = Release|x64
		{52ECA62C-910E-403D-96D2-E28DCCAA51B7}.Release|x86.ActiveCfg = Release|Win32
		{52ECA62C-910E-403D-96D2-E28DCCAA51B7}.Release|x86.Build.0 = Release|Win32
		{2B8A20B6-C6C6-40C3-9685-2BF09809F866}.Debug|Any CPU.ActiveCfg = Debug|x64
		{2B8A20B6-C6C6-40C3-9685-2BF09809F866}.Debug|Any CPU.Build.0 = Debug|x64
		{2B8A20B6-C6C6-40C3-9685-2BF09809F866}.Debug|x64.ActiveCfg = Debug|x64
		{2B8A20B6-C6C6-40C3-9685-2BF09809F866}.Debug|x64.Build.0 = Debug|x64
		{2B8A20B6-C6C6-40C3-9685-2BF09809F866}.Debug|x86.ActiveCfg = Debug|Win32
		{2B8A20B6-C6C6-40C3-9685-2BF09809F866}.Debug|x86.Build.0 = Debug|Win32
		{2B8A20B6-C6C6-40C3-9685-2BF09809F866}.Release|Any CPU.ActiveCfg = Release|x64
		{2B8A20B6-C6C6-40C3-9685-2BF09809F866}.Release|Any CPU.Build.0 = Release|x64
		{2B8A20B6-C6C6-40C3-9685-2BF09809F866}.Release|x64.ActiveCfg = Release|x64
		{2B8A20B6-C6C6-40C3-9685-2BF09809F866}.Release|x64.Build.0 = Release|x64
		{2B8A20B6-C6C6-40C3-9685-2BF09809F866}.Release|x86.ActiveCfg = Release|Win32
		{2B8A20B6-C6C6-40C3-9685-2BF09809F866}.Release|x86.Build.0 = Release|Win32
		{66192F91-954E-4A31-94CA-07CF8896B394}.Debug|Any CPU.ActiveCfg = Debug|x64
		{66192F91-954E-4A31-94CA-07CF8896B394}.Debug|Any CPU.Build.0 = Debug|x64
		{66192F91-954E-4A31-94CA-07CF8896B394}.Debug|x64.ActiveCfg = Debug|x64
		{66192F91-954E-4A31-94CA-07CF8896B394}.Debug|x64.Build.0 = Debug|x64
		{66192F91-954E-4A31-94CA-07CF8896B394}.Debug|x86.ActiveCfg = Debug|Win32
		{66192F91-954E-4A31-94CA-07CF8896B394}.Debug|x86.Build.0 = Debug|Win32
		{66192F91-954E-4A31-94CA-07CF8896B394}.Release|Any CPU.ActiveCfg = Release|x64
		{66192F91-954E-4A31-94CA-07CF8896B394}.Release|Any CPU.Build.0 = Release|x64
		{66192F91-954E-4A31-94CA-07CF8896B394}.Release|x64.ActiveCfg = Release|x64
		{66192F91-954E-4A31-94CA-07CF8896B394}.Release|x64.Build.0 = Release|x64
		{66192F91-954E-4A31-94CA-07CF8896B394}.Release|x86.ActiveCfg = Release|Win32
		{66192F91-954E-4A31-94CA-07CF8896B394}.Release|x86.Build.0 = Release|Win32
		{BCB42F13-998B-4656-B107-870D04153DA8}.Debug|Any CPU.ActiveCfg = Debug|x64
		{BCB42F13-998B-4656-B107-870D04153DA8}.Debug|Any CPU.Build.0 = Debug|x64
		{BCB42F13-998B-4656-B107-870D04153DA8}.Debug|x64.ActiveCfg = Debug|x64
		{BCB42F13-998B-4656-B107-870D04153DA8}.Debug|x64.Build.0 = Debug|x64
		{BCB42F13-998B-4656-B107-870D04153DA8}.Debug|x86.ActiveCfg = Debug|Win32
		{BCB42F13-998B-4656-B107-870D04153DA8}.Debug|x86.Build.0 = Debug|Win32
		{BCB42F13-998B-4656-B107-870D04153DA8}.Release|Any CPU.ActiveCfg = Release|x64
		{BCB42F13-998B-4656-B107-870D04153DA8}.Release|Any CPU.Build.0 = Release|x64
		{BCB42F13-998B-4656-B107-870D04153DA8}.Release|x64.ActiveCfg = Release|x64
		{BCB42F13-998B-4656-B107-870D04153DA8}.Release|x64.Build.0 = Release|x64
		{BCB42F13-998B-4656-B107-870D04153DA8}.Release|x86.ActiveCfg = Release|Win32
		{BCB42F13-998B-4656-B107-870D04153DA8}.Release|x86.Build.0 = Release|Win32
	EndGlobalSection
	GlobalSection(SolutionProperties) = preSolution
		HideSolutionNode = FALSE
	EndGlobalSection
	GlobalSection(ExtensibilityGlobals) = postSolution
		SolutionGuid = {6E3FA6EB-73B5-4C40-9657-68AAB5CEADEA}
	EndGlobalSection
EndGlobal
